
Microsoft Visual Studio Solution File, Format Version 12.00
# Visual Studio Version 17
VisualStudioVersion = 17.11.35219.272
MinimumVisualStudioVersion = 10.0.40219.1
Project("{888888A0-9F3D-457C-B088-3A5042F75D52}") = "teema5", "teema5.pyproj", "{4528EB87-BE58-44DB-AE7C-0F5F79784060}"
EndProject
Global
	GlobalSection(SolutionConfigurationPlatforms) = preSolution
		Debug|Any CPU = Debug|Any CPU
		Release|Any CPU = Release|Any CPU
	EndGlobalSection
	GlobalSection(ProjectConfigurationPlatforms) = postSolution
		{4528EB87-BE58-44DB-AE7C-0F5F79784060}.Debug|Any CPU.ActiveCfg = Debug|Any CPU
		{4528EB87-BE58-44DB-AE7C-0F5F79784060}.Release|Any CPU.ActiveCfg = Release|Any CPU
	EndGlobalSection
	GlobalSection(SolutionProperties) = preSolution
		HideSolutionNode = FALSE
	EndGlobalSection
	GlobalSection(ExtensibilityGlobals) = postSolution
		SolutionGuid = {25102A29-CFB2-47F7-B36A-68D338C0B168}
	EndGlobalSection
EndGlobal
