
Microsoft Visual Studio Solution File, Format Version 12.00
# Visual Studio Version 17
VisualStudioVersion = 17.11.35219.272
MinimumVisualStudioVersion = 10.0.40219.1
Project("{888888A0-9F3D-457C-B088-3A5042F75D52}") = "3.2 tsükkel", "3.2 tsükkel.pyproj", "{30E4A6AD-45A3-4E5E-AB01-7B4E6F513F6C}"
EndProject
Global
	GlobalSection(SolutionConfigurationPlatforms) = preSolution
		Debug|Any CPU = Debug|Any CPU
		Release|Any CPU = Release|Any CPU
	EndGlobalSection
	GlobalSection(ProjectConfigurationPlatforms) = postSolution
		{30E4A6AD-45A3-4E5E-AB01-7B4E6F513F6C}.Debug|Any CPU.ActiveCfg = Debug|Any CPU
		{30E4A6AD-45A3-4E5E-AB01-7B4E6F513F6C}.Release|Any CPU.ActiveCfg = Release|Any CPU
	EndGlobalSection
	GlobalSection(SolutionProperties) = preSolution
		HideSolutionNode = FALSE
	EndGlobalSection
	GlobalSection(ExtensibilityGlobals) = postSolution
		SolutionGuid = {40A25B82-90DC-42C6-8F8A-DDF00BCA17B2}
	EndGlobalSection
EndGlobal
