
Microsoft Visual Studio Solution File, Format Version 12.00
# Visual Studio Version 17
VisualStudioVersion = 17.11.35219.272
MinimumVisualStudioVersion = 10.0.40219.1
Project("{888888A0-9F3D-457C-B088-3A5042F75D52}") = "4.4 Listid", "4.4 Listid.pyproj", "{A8BB70BE-DC71-4F0F-B4CC-6F083522BE87}"
EndProject
Global
	GlobalSection(SolutionConfigurationPlatforms) = preSolution
		Debug|Any CPU = Debug|Any CPU
		Release|Any CPU = Release|Any CPU
	EndGlobalSection
	GlobalSection(ProjectConfigurationPlatforms) = postSolution
		{A8BB70BE-DC71-4F0F-B4CC-6F083522BE87}.Debug|Any CPU.ActiveCfg = Debug|Any CPU
		{A8BB70BE-DC71-4F0F-B4CC-6F083522BE87}.Release|Any CPU.ActiveCfg = Release|Any CPU
	EndGlobalSection
	GlobalSection(SolutionProperties) = preSolution
		HideSolutionNode = FALSE
	EndGlobalSection
	GlobalSection(ExtensibilityGlobals) = postSolution
		SolutionGuid = {A2155934-A6D1-4B3F-A65B-43EE1F375C22}
	EndGlobalSection
EndGlobal
