
Microsoft Visual Studio Solution File, Format Version 12.00
# Visual Studio Version 17
VisualStudioVersion = 17.11.35219.272
MinimumVisualStudioVersion = 10.0.40219.1
Project("{888888A0-9F3D-457C-B088-3A5042F75D52}") = "Vigade_otsing", "Vigade_otsing.pyproj", "{B638DE7B-0F71-4AB4-83B7-5FE67E85EBC6}"
EndProject
Global
	GlobalSection(SolutionConfigurationPlatforms) = preSolution
		Debug|Any CPU = Debug|Any CPU
		Release|Any CPU = Release|Any CPU
	EndGlobalSection
	GlobalSection(ProjectConfigurationPlatforms) = postSolution
		{B638DE7B-0F71-4AB4-83B7-5FE67E85EBC6}.Debug|Any CPU.ActiveCfg = Debug|Any CPU
		{B638DE7B-0F71-4AB4-83B7-5FE67E85EBC6}.Release|Any CPU.ActiveCfg = Release|Any CPU
	EndGlobalSection
	GlobalSection(SolutionProperties) = preSolution
		HideSolutionNode = FALSE
	EndGlobalSection
	GlobalSection(ExtensibilityGlobals) = postSolution
		SolutionGuid = {85E91E71-7471-4396-B907-C9251960AF96}
	EndGlobalSection
EndGlobal
